
Microsoft Visual Studio Solution File, Format Version 12.00
# Visual Studio Version 17
VisualStudioVersion = 17.14.36811.4
MinimumVisualStudioVersion = 10.0.40219.1
Project("{8BC9CEB8-8B4A-11D0-8D11-00A0C91BC942}") = "LabProject00", "LabProject00\LabProject00.vcxproj", "{08BFEA44-84B3-42ED-AFF1-3BFE06D85D2F}"
EndProject
Project("{8BC9CEB8-8B4A-11D0-8D11-00A0C91BC942}") = "LabProject01", "LabProject01\LabProject01.vcxproj", "{EB4A98B8-0D13-402B-B81A-541A7694FFF0}"
EndProject
Project("{8BC9CEB8-8B4A-11D0-8D11-00A0C91BC942}") = "LabProject02", "LabProject02\LabProject02.vcxproj", "{1A799F94-9315-4786-99E4-9A817079073D}"
EndProject
Project("{8BC9CEB8-8B4A-11D0-8D11-00A0C91BC942}") = "LabProject02-1", "LapProject02-1\LapProject02-1.vcxproj", "{B009EBE9-51F7-4834-B930-A40D6FD3375E}"
EndProject
Project("{8BC9CEB8-8B4A-11D0-8D11-00A0C91BC942}") = "LabProject03", "LabProject03\LabProject03.vcxproj", "{DEE43025-1F9E-4DC8-9B71-A8D27F043F92}"
EndProject
Project("{8BC9CEB8-8B4A-11D0-8D11-00A0C91BC942}") = "LabProject04", "LabProject04\LabProject04.vcxproj", "{9B83A2B2-6B0C-4CBC-AA87-0D0A0D54D9C5}"
EndProject
Global
	GlobalSection(SolutionConfigurationPlatforms) = preSolution
		Debug|x64 = Debug|x64
		Debug|x86 = Debug|x86
		Release|x64 = Release|x64
		Release|x86 = Release|x86
	EndGlobalSection
	GlobalSection(ProjectConfigurationPlatforms) = postSolution
		{08BFEA44-84B3-42ED-AFF1-3BFE06D85D2F}.Debug|x64.ActiveCfg = Debug|x64
		{08BFEA44-84B3-42ED-AFF1-3BFE06D85D2F}.Debug|x64.Build.0 = Debug|x64
		{08BFEA44-84B3-42ED-AFF1-3BFE06D85D2F}.Debug|x86.ActiveCfg = Debug|Win32
		{08BFEA44-84B3-42ED-AFF1-3BFE06D85D2F}.Debug|x86.Build.0 = Debug|Win32
		{08BFEA44-84B3-42ED-AFF1-3BFE06D85D2F}.Release|x64.ActiveCfg = Release|x64
		{08BFEA44-84B3-42ED-AFF1-3BFE06D85D2F}.Release|x64.Build.0 = Release|x64
		{08BFEA44-84B3-42ED-AFF1-3BFE06D85D2F}.Release|x86.ActiveCfg = Release|Win32
		{08BFEA44-84B3-42ED-AFF1-3BFE06D85D2F}.Release|x86.Build.0 = Release|Win32
		{EB4A98B8-0D13-402B-B81A-541A7694FFF0}.Debug|x64.ActiveCfg = Debug|x64
		{EB4A98B8-0D13-402B-B81A-541A7694FFF0}.Debug|x64.Build.0 = Debug|x64
		{EB4A98B8-0D13-402B-B81A-541A7694FFF0}.Debug|x86.ActiveCfg = Debug|Win32
		{EB4A98B8-0D13-402B-B81A-541A7694FFF0}.Debug|x86.Build.0 = Debug|Win32
		{EB4A98B8-0D13-402B-B81A-541A7694FFF0}.Release|x64.ActiveCfg = Release|x64
		{EB4A98B8-0D13-402B-B81A-541A7694FFF0}.Release|x64.Build.0 = Release|x64
		{EB4A98B8-0D13-402B-B81A-541A7694FFF0}.Release|x86.ActiveCfg = Release|Win32
		{EB4A98B8-0D13-402B-B81A-541A7694FFF0}.Release|x86.Build.0 = Release|Win32
		{1A799F94-9315-4786-99E4-9A817079073D}.Debug|x64.ActiveCfg = Debug|x64
		{1A799F94-9315-4786-99E4-9A817079073D}.Debug|x64.Build.0 = Debug|x64
		{1A799F94-9315-4786-99E4-9A817079073D}.Debug|x86.ActiveCfg = Debug|Win32
		{1A799F94-9315-4786-99E4-9A817079073D}.Debug|x86.Build.0 = Debug|Win32
		{1A799F94-9315-4786-99E4-9A817079073D}.Release|x64.ActiveCfg = Release|x64
		{1A799F94-9315-4786-99E4-9A817079073D}.Release|x64.Build.0 = Release|x64
		{1A799F94-9315-4786-99E4-9A817079073D}.Release|x86.ActiveCfg = Release|Win32
		{1A799F94-9315-4786-99E4-9A817079073D}.Release|x86.Build.0 = Release|Win32
		{B009EBE9-51F7-4834-B930-A40D6FD3375E}.Debug|x64.ActiveCfg = Debug|x64
		{B009EBE9-51F7-4834-B930-A40D6FD3375E}.Debug|x64.Build.0 = Debug|x64
		{B009EBE9-51F7-4834-B930-A40D6FD3375E}.Debug|x86.ActiveCfg = Debug|Win32
		{B009EBE9-51F7-4834-B930-A40D6FD3375E}.Debug|x86.Build.0 = Debug|Win32
		{B009EBE9-51F7-4834-B930-A40D6FD3375E}.Release|x64.ActiveCfg = Release|x64
		{B009EBE9-51F7-4834-B930-A40D6FD3375E}.Release|x64.Build.0 = Release|x64
		{B009EBE9-51F7-4834-B930-A40D6FD3375E}.Release|x86.ActiveCfg = Release|Win32
		{B009EBE9-51F7-4834-B930-A40D6FD3375E}.Release|x86.Build.0 = Release|Win32
		{DEE43025-1F9E-4DC8-9B71-A8D27F043F92}.Debug|x64.ActiveCfg = Debug|x64
		{DEE43025-1F9E-4DC8-9B71-A8D27F043F92}.Debug|x64.Build.0 = Debug|x64
		{DEE43025-1F9E-4DC8-9B71-A8D27F043F92}.Debug|x86.ActiveCfg = Debug|Win32
		{DEE43025-1F9E-4DC8-9B71-A8D27F043F92}.Debug|x86.Build.0 = Debug|Win32
		{DEE43025-1F9E-4DC8-9B71-A8D27F043F92}.Release|x64.ActiveCfg = Release|x64
		{DEE43025-1F9E-4DC8-9B71-A8D27F043F92}.Release|x64.Build.0 = Release|x64
		{DEE43025-1F9E-4DC8-9B71-A8D27F043F92}.Release|x86.ActiveCfg = Release|Win32
		{DEE43025-1F9E-4DC8-9B71-A8D27F043F92}.Release|x86.Build.0 = Release|Win32
		{9B83A2B2-6B0C-4CBC-AA87-0D0A0D54D9C5}.Debug|x64.ActiveCfg = Debug|x64
		{9B83A2B2-6B0C-4CBC-AA87-0D0A0D54D9C5}.Debug|x64.Build.0 = Debug|x64
		{9B83A2B2-6B0C-4CBC-AA87-0D0A0D54D9C5}.Debug|x86.ActiveCfg = Debug|Win32
		{9B83A2B2-6B0C-4CBC-AA87-0D0A0D54D9C5}.Debug|x86.Build.0 = Debug|Win32
		{9B83A2B2-6B0C-4CBC-AA87-0D0A0D54D9C5}.Release|x64.ActiveCfg = Release|x64
		{9B83A2B2-6B0C-4CBC-AA87-0D0A0D54D9C5}.Release|x64.Build.0 = Release|x64
		{9B83A2B2-6B0C-4CBC-AA87-0D0A0D54D9C5}.Release|x86.ActiveCfg = Release|Win32
		{9B83A2B2-6B0C-4CBC-AA87-0D0A0D54D9C5}.Release|x86.Build.0 = Release|Win32
	EndGlobalSection
	GlobalSection(SolutionProperties) = preSolution
		HideSolutionNode = FALSE
	EndGlobalSection
	GlobalSection(ExtensibilityGlobals) = postSolution
		SolutionGuid = {AEA7B41F-84CF-4036-8795-3382B8D93CBD}
	EndGlobalSection
EndGlobal
